
Microsoft Visual Studio Solution File, Format Version 12.00
# Visual Studio 15
VisualStudioVersion = 15.0.27004.2009
MinimumVisualStudioVersion = 10.0.40219.1
Project("{FAE04EC0-301F-11D3-BF4B-00C04F79EFBC}") = "RabbitMQFactory", "RabbitMQFactory\RabbitMQFactory.csproj", "{5811A11E-507A-41C9-93AA-12918871CCE7}"
EndProject
Project("{FAE04EC0-301F-11D3-BF4B-00C04F79EFBC}") = "RabbitMQFactory.Test", "RabbitMQFactory.Test\RabbitMQFactory.Test.csproj", "{EBD97320-6B53-448D-AF3E-C8E7AEE600ED}"
EndProject
Project("{FAE04EC0-301F-11D3-BF4B-00C04F79EFBC}") = "MetaqueryGenerator.BL", "MetaqueryGenerator.BL\MetaqueryGenerator.BL.csproj", "{225099AF-92B8-4A83-8FC1-FE642D47D23A}"
EndProject
Project("{FAE04EC0-301F-11D3-BF4B-00C04F79EFBC}") = "MetaqueryGenerator.DS", "MetaqueryGenerator.DS\MetaqueryGenerator.DS.csproj", "{8325B2CC-16E4-4268-8814-BBCC1F795A9D}"
EndProject
Project("{FAE04EC0-301F-11D3-BF4B-00C04F79EFBC}") = "MetaqueryGenerator", "MetaqueryGenerator\MetaqueryGenerator.csproj", "{00A0B556-558A-4461-979A-274D35477F75}"
EndProject
Project("{FAE04EC0-301F-11D3-BF4B-00C04F79EFBC}") = "MetaqueryGenerator.Common", "MetaqueryGenerator.Common\MetaqueryGenerator.Common.csproj", "{1E72031B-2242-4B06-82DE-4275243F1F65}"
EndProject
Project("{FAE04EC0-301F-11D3-BF4B-00C04F79EFBC}") = "MetaqueryGenerator.Test", "MetaqueryGenerator.Test\MetaqueryGenerator.Test.csproj", "{B3E2A29D-A036-41CE-97DE-2A7C03BB4E03}"
EndProject
Project("{FAE04EC0-301F-11D3-BF4B-00C04F79EFBC}") = "MetaqueryGenerator.Forms", "MetaqueryGenerator.Forms\MetaqueryGenerator.Forms.csproj", "{E72DDEFE-22CE-40C3-A68E-BB067B7453B3}"
EndProject
Global
	GlobalSection(SolutionConfigurationPlatforms) = preSolution
		Debug|Any CPU = Debug|Any CPU
		Debug|ARM = Debug|ARM
		Debug|x64 = Debug|x64
		Debug|x86 = Debug|x86
		Release|Any CPU = Release|Any CPU
		Release|ARM = Release|ARM
		Release|x64 = Release|x64
		Release|x86 = Release|x86
	EndGlobalSection
	GlobalSection(ProjectConfigurationPlatforms) = postSolution
		{5811A11E-507A-41C9-93AA-12918871CCE7}.Debug|Any CPU.ActiveCfg = Debug|Any CPU
		{5811A11E-507A-41C9-93AA-12918871CCE7}.Debug|Any CPU.Build.0 = Debug|Any CPU
		{5811A11E-507A-41C9-93AA-12918871CCE7}.Debug|ARM.ActiveCfg = Debug|Any CPU
		{5811A11E-507A-41C9-93AA-12918871CCE7}.Debug|ARM.Build.0 = Debug|Any CPU
		{5811A11E-507A-41C9-93AA-12918871CCE7}.Debug|x64.ActiveCfg = Debug|Any CPU
		{5811A11E-507A-41C9-93AA-12918871CCE7}.Debug|x64.Build.0 = Debug|Any CPU
		{5811A11E-507A-41C9-93AA-12918871CCE7}.Debug|x86.ActiveCfg = Debug|Any CPU
		{5811A11E-507A-41C9-93AA-12918871CCE7}.Debug|x86.Build.0 = Debug|Any CPU
		{5811A11E-507A-41C9-93AA-12918871CCE7}.Release|Any CPU.ActiveCfg = Release|Any CPU
		{5811A11E-507A-41C9-93AA-12918871CCE7}.Release|Any CPU.Build.0 = Release|Any CPU
		{5811A11E-507A-41C9-93AA-12918871CCE7}.Release|ARM.ActiveCfg = Release|Any CPU
		{5811A11E-507A-41C9-93AA-12918871CCE7}.Release|ARM.Build.0 = Release|Any CPU
		{5811A11E-507A-41C9-93AA-12918871CCE7}.Release|x64.ActiveCfg = Release|Any CPU
		{5811A11E-507A-41C9-93AA-12918871CCE7}.Release|x64.Build.0 = Release|Any CPU
		{5811A11E-507A-41C9-93AA-12918871CCE7}.Release|x86.ActiveCfg = Release|Any CPU
		{5811A11E-507A-41C9-93AA-12918871CCE7}.Release|x86.Build.0 = Release|Any CPU
		{EBD97320-6B53-448D-AF3E-C8E7AEE600ED}.Debug|Any CPU.ActiveCfg = Debug|Any CPU
		{EBD97320-6B53-448D-AF3E-C8E7AEE600ED}.Debug|Any CPU.Build.0 = Debug|Any CPU
		{EBD97320-6B53-448D-AF3E-C8E7AEE600ED}.Debug|ARM.ActiveCfg = Debug|Any CPU
		{EBD97320-6B53-448D-AF3E-C8E7AEE600ED}.Debug|ARM.Build.0 = Debug|Any CPU
		{EBD97320-6B53-448D-AF3E-C8E7AEE600ED}.Debug|x64.ActiveCfg = Debug|Any CPU
		{EBD97320-6B53-448D-AF3E-C8E7AEE600ED}.Debug|x64.Build.0 = Debug|Any CPU
		{EBD97320-6B53-448D-AF3E-C8E7AEE600ED}.Debug|x86.ActiveCfg = Debug|Any CPU
		{EBD97320-6B53-448D-AF3E-C8E7AEE600ED}.Debug|x86.Build.0 = Debug|Any CPU
		{EBD97320-6B53-448D-AF3E-C8E7AEE600ED}.Release|Any CPU.ActiveCfg = Release|Any CPU
		{EBD97320-6B53-448D-AF3E-C8E7AEE600ED}.Release|Any CPU.Build.0 = Release|Any CPU
		{EBD97320-6B53-448D-AF3E-C8E7AEE600ED}.Release|ARM.ActiveCfg = Release|Any CPU
		{EBD97320-6B53-448D-AF3E-C8E7AEE600ED}.Release|ARM.Build.0 = Release|Any CPU
		{EBD97320-6B53-448D-AF3E-C8E7AEE600ED}.Release|x64.ActiveCfg = Release|Any CPU
		{EBD97320-6B53-448D-AF3E-C8E7AEE600ED}.Release|x64.Build.0 = Release|Any CPU
		{EBD97320-6B53-448D-AF3E-C8E7AEE600ED}.Release|x86.ActiveCfg = Release|Any CPU
		{EBD97320-6B53-448D-AF3E-C8E7AEE600ED}.Release|x86.Build.0 = Release|Any CPU
		{225099AF-92B8-4A83-8FC1-FE642D47D23A}.Debug|Any CPU.ActiveCfg = Debug|Any CPU
		{225099AF-92B8-4A83-8FC1-FE642D47D23A}.Debug|Any CPU.Build.0 = Debug|Any CPU
		{225099AF-92B8-4A83-8FC1-FE642D47D23A}.Debug|ARM.ActiveCfg = Debug|Any CPU
		{225099AF-92B8-4A83-8FC1-FE642D47D23A}.Debug|ARM.Build.0 = Debug|Any CPU
		{225099AF-92B8-4A83-8FC1-FE642D47D23A}.Debug|x64.ActiveCfg = Debug|Any CPU
		{225099AF-92B8-4A83-8FC1-FE642D47D23A}.Debug|x64.Build.0 = Debug|Any CPU
		{225099AF-92B8-4A83-8FC1-FE642D47D23A}.Debug|x86.ActiveCfg = Debug|Any CPU
		{225099AF-92B8-4A83-8FC1-FE642D47D23A}.Debug|x86.Build.0 = Debug|Any CPU
		{225099AF-92B8-4A83-8FC1-FE642D47D23A}.Release|Any CPU.ActiveCfg = Release|Any CPU
		{225099AF-92B8-4A83-8FC1-FE642D47D23A}.Release|Any CPU.Build.0 = Release|Any CPU
		{225099AF-92B8-4A83-8FC1-FE642D47D23A}.Release|ARM.ActiveCfg = Release|Any CPU
		{225099AF-92B8-4A83-8FC1-FE642D47D23A}.Release|ARM.Build.0 = Release|Any CPU
		{225099AF-92B8-4A83-8FC1-FE642D47D23A}.Release|x64.ActiveCfg = Release|Any CPU
		{225099AF-92B8-4A83-8FC1-FE642D47D23A}.Release|x64.Build.0 = Release|Any CPU
		{225099AF-92B8-4A83-8FC1-FE642D47D23A}.Release|x86.ActiveCfg = Release|Any CPU
		{225099AF-92B8-4A83-8FC1-FE642D47D23A}.Release|x86.Build.0 = Release|Any CPU
		{8325B2CC-16E4-4268-8814-BBCC1F795A9D}.Debug|Any CPU.ActiveCfg = Debug|Any CPU
		{8325B2CC-16E4-4268-8814-BBCC1F795A9D}.Debug|Any CPU.Build.0 = Debug|Any CPU
		{8325B2CC-16E4-4268-8814-BBCC1F795A9D}.Debug|ARM.ActiveCfg = Debug|Any CPU
		{8325B2CC-16E4-4268-8814-BBCC1F795A9D}.Debug|ARM.Build.0 = Debug|Any CPU
		{8325B2CC-16E4-4268-8814-BBCC1F795A9D}.Debug|x64.ActiveCfg = Debug|Any CPU
		{8325B2CC-16E4-4268-8814-BBCC1F795A9D}.Debug|x64.Build.0 = Debug|Any CPU
		{8325B2CC-16E4-4268-8814-BBCC1F795A9D}.Debug|x86.ActiveCfg = Debug|Any CPU
		{8325B2CC-16E4-4268-8814-BBCC1F795A9D}.Debug|x86.Build.0 = Debug|Any CPU
		{8325B2CC-16E4-4268-8814-BBCC1F795A9D}.Release|Any CPU.ActiveCfg = Release|Any CPU
		{8325B2CC-16E4-4268-8814-BBCC1F795A9D}.Release|Any CPU.Build.0 = Release|Any CPU
		{8325B2CC-16E4-4268-8814-BBCC1F795A9D}.Release|ARM.ActiveCfg = Release|Any CPU
		{8325B2CC-16E4-4268-8814-BBCC1F795A9D}.Release|ARM.Build.0 = Release|Any CPU
		{8325B2CC-16E4-4268-8814-BBCC1F795A9D}.Release|x64.ActiveCfg = Release|Any CPU
		{8325B2CC-16E4-4268-8814-BBCC1F795A9D}.Release|x64.Build.0 = Release|Any CPU
		{8325B2CC-16E4-4268-8814-BBCC1F795A9D}.Release|x86.ActiveCfg = Release|Any CPU
		{8325B2CC-16E4-4268-8814-BBCC1F795A9D}.Release|x86.Build.0 = Release|Any CPU
		{00A0B556-558A-4461-979A-274D35477F75}.Debug|Any CPU.ActiveCfg = Debug|Any CPU
		{00A0B556-558A-4461-979A-274D35477F75}.Debug|Any CPU.Build.0 = Debug|Any CPU
		{00A0B556-558A-4461-979A-274D35477F75}.Debug|ARM.ActiveCfg = Debug|Any CPU
		{00A0B556-558A-4461-979A-274D35477F75}.Debug|ARM.Build.0 = Debug|Any CPU
		{00A0B556-558A-4461-979A-274D35477F75}.Debug|x64.ActiveCfg = Debug|Any CPU
		{00A0B556-558A-4461-979A-274D35477F75}.Debug|x64.Build.0 = Debug|Any CPU
		{00A0B556-558A-4461-979A-274D35477F75}.Debug|x86.ActiveCfg = Debug|Any CPU
		{00A0B556-558A-4461-979A-274D35477F75}.Debug|x86.Build.0 = Debug|Any CPU
		{00A0B556-558A-4461-979A-274D35477F75}.Release|Any CPU.ActiveCfg = Release|Any CPU
		{00A0B556-558A-4461-979A-274D35477F75}.Release|Any CPU.Build.0 = Release|Any CPU
		{00A0B556-558A-4461-979A-274D35477F75}.Release|ARM.ActiveCfg = Release|Any CPU
		{00A0B556-558A-4461-979A-274D35477F75}.Release|ARM.Build.0 = Release|Any CPU
		{00A0B556-558A-4461-979A-274D35477F75}.Release|x64.ActiveCfg = Release|Any CPU
		{00A0B556-558A-4461-979A-274D35477F75}.Release|x64.Build.0 = Release|Any CPU
		{00A0B556-558A-4461-979A-274D35477F75}.Release|x86.ActiveCfg = Release|Any CPU
		{00A0B556-558A-4461-979A-274D35477F75}.Release|x86.Build.0 = Release|Any CPU
		{1E72031B-2242-4B06-82DE-4275243F1F65}.Debug|Any CPU.ActiveCfg = Debug|Any CPU
		{1E72031B-2242-4B06-82DE-4275243F1F65}.Debug|Any CPU.Build.0 = Debug|Any CPU
		{1E72031B-2242-4B06-82DE-4275243F1F65}.Debug|ARM.ActiveCfg = Debug|Any CPU
		{1E72031B-2242-4B06-82DE-4275243F1F65}.Debug|ARM.Build.0 = Debug|Any CPU
		{1E72031B-2242-4B06-82DE-4275243F1F65}.Debug|x64.ActiveCfg = Debug|Any CPU
		{1E72031B-2242-4B06-82DE-4275243F1F65}.Debug|x64.Build.0 = Debug|Any CPU
		{1E72031B-2242-4B06-82DE-4275243F1F65}.Debug|x86.ActiveCfg = Debug|Any CPU
		{1E72031B-2242-4B06-82DE-4275243F1F65}.Debug|x86.Build.0 = Debug|Any CPU
		{1E72031B-2242-4B06-82DE-4275243F1F65}.Release|Any CPU.ActiveCfg = Release|Any CPU
		{1E72031B-2242-4B06-82DE-4275243F1F65}.Release|Any CPU.Build.0 = Release|Any CPU
		{1E72031B-2242-4B06-82DE-4275243F1F65}.Release|ARM.ActiveCfg = Release|Any CPU
		{1E72031B-2242-4B06-82DE-4275243F1F65}.Release|ARM.Build.0 = Release|Any CPU
		{1E72031B-2242-4B06-82DE-4275243F1F65}.Release|x64.ActiveCfg = Release|Any CPU
		{1E72031B-2242-4B06-82DE-4275243F1F65}.Release|x64.Build.0 = Release|Any CPU
		{1E72031B-2242-4B06-82DE-4275243F1F65}.Release|x86.ActiveCfg = Release|Any CPU
		{1E72031B-2242-4B06-82DE-4275243F1F65}.Release|x86.Build.0 = Release|Any CPU
		{B3E2A29D-A036-41CE-97DE-2A7C03BB4E03}.Debug|Any CPU.ActiveCfg = Debug|Any CPU
		{B3E2A29D-A036-41CE-97DE-2A7C03BB4E03}.Debug|Any CPU.Build.0 = Debug|Any CPU
		{B3E2A29D-A036-41CE-97DE-2A7C03BB4E03}.Debug|ARM.ActiveCfg = Debug|Any CPU
		{B3E2A29D-A036-41CE-97DE-2A7C03BB4E03}.Debug|ARM.Build.0 = Debug|Any CPU
		{B3E2A29D-A036-41CE-97DE-2A7C03BB4E03}.Debug|x64.ActiveCfg = Debug|Any CPU
		{B3E2A29D-A036-41CE-97DE-2A7C03BB4E03}.Debug|x64.Build.0 = Debug|Any CPU
		{B3E2A29D-A036-41CE-97DE-2A7C03BB4E03}.Debug|x86.ActiveCfg = Debug|Any CPU
		{B3E2A29D-A036-41CE-97DE-2A7C03BB4E03}.Debug|x86.Build.0 = Debug|Any CPU
		{B3E2A29D-A036-41CE-97DE-2A7C03BB4E03}.Release|Any CPU.ActiveCfg = Release|Any CPU
		{B3E2A29D-A036-41CE-97DE-2A7C03BB4E03}.Release|Any CPU.Build.0 = Release|Any CPU
		{B3E2A29D-A036-41CE-97DE-2A7C03BB4E03}.Release|ARM.ActiveCfg = Release|Any CPU
		{B3E2A29D-A036-41CE-97DE-2A7C03BB4E03}.Release|ARM.Build.0 = Release|Any CPU
		{B3E2A29D-A036-41CE-97DE-2A7C03BB4E03}.Release|x64.ActiveCfg = Release|Any CPU
		{B3E2A29D-A036-41CE-97DE-2A7C03BB4E03}.Release|x64.Build.0 = Release|Any CPU
		{B3E2A29D-A036-41CE-97DE-2A7C03BB4E03}.Release|x86.ActiveCfg = Release|Any CPU
		{B3E2A29D-A036-41CE-97DE-2A7C03BB4E03}.Release|x86.Build.0 = Release|Any CPU
		{E72DDEFE-22CE-40C3-A68E-BB067B7453B3}.Debug|Any CPU.ActiveCfg = Debug|Any CPU
		{E72DDEFE-22CE-40C3-A68E-BB067B7453B3}.Debug|Any CPU.Build.0 = Debug|Any CPU
		{E72DDEFE-22CE-40C3-A68E-BB067B7453B3}.Debug|ARM.ActiveCfg = Debug|Any CPU
		{E72DDEFE-22CE-40C3-A68E-BB067B7453B3}.Debug|ARM.Build.0 = Debug|Any CPU
		{E72DDEFE-22CE-40C3-A68E-BB067B7453B3}.Debug|x64.ActiveCfg = Debug|Any CPU
		{E72DDEFE-22CE-40C3-A68E-BB067B7453B3}.Debug|x64.Build.0 = Debug|Any CPU
		{E72DDEFE-22CE-40C3-A68E-BB067B7453B3}.Debug|x86.ActiveCfg = Debug|Any CPU
		{E72DDEFE-22CE-40C3-A68E-BB067B7453B3}.Debug|x86.Build.0 = Debug|Any CPU
		{E72DDEFE-22CE-40C3-A68E-BB067B7453B3}.Release|Any CPU.ActiveCfg = Release|Any CPU
		{E72DDEFE-22CE-40C3-A68E-BB067B7453B3}.Release|Any CPU.Build.0 = Release|Any CPU
		{E72DDEFE-22CE-40C3-A68E-BB067B7453B3}.Release|ARM.ActiveCfg = Release|Any CPU
		{E72DDEFE-22CE-40C3-A68E-BB067B7453B3}.Release|ARM.Build.0 = Release|Any CPU
		{E72DDEFE-22CE-40C3-A68E-BB067B7453B3}.Release|x64.ActiveCfg = Release|Any CPU
		{E72DDEFE-22CE-40C3-A68E-BB067B7453B3}.Release|x64.Build.0 = Release|Any CPU
		{E72DDEFE-22CE-40C3-A68E-BB067B7453B3}.Release|x86.ActiveCfg = Release|Any CPU
		{E72DDEFE-22CE-40C3-A68E-BB067B7453B3}.Release|x86.Build.0 = Release|Any CPU
	EndGlobalSection
	GlobalSection(SolutionProperties) = preSolution
		HideSolutionNode = FALSE
	EndGlobalSection
	GlobalSection(ExtensibilityGlobals) = postSolution
		SolutionGuid = {C19EAD70-8DC7-436C-A7B1-3DA7EC07CE03}
	EndGlobalSection
EndGlobal
